
Microsoft Visual Studio Solution File, Format Version 12.00
Project("{FAE04EC0-301F-11D3-BF4B-00C04F79EFBC}") = "Homework4", "Homework4.csproj", "{EC8DD8EF-C871-4112-BC41-D29860077C04}"
EndProject
Global
	GlobalSection(SolutionConfigurationPlatforms) = preSolution
		Debug|Any CPU = Debug|Any CPU
		Release|Any CPU = Release|Any CPU
	EndGlobalSection
	GlobalSection(ProjectConfigurationPlatforms) = postSolution
		{EC8DD8EF-C871-4112-BC41-D29860077C04}.Debug|Any CPU.ActiveCfg = Debug|Any CPU
		{EC8DD8EF-C871-4112-BC41-D29860077C04}.Debug|Any CPU.Build.0 = Debug|Any CPU
		{EC8DD8EF-C871-4112-BC41-D29860077C04}.Release|Any CPU.ActiveCfg = Release|Any CPU
		{EC8DD8EF-C871-4112-BC41-D29860077C04}.Release|Any CPU.Build.0 = Release|Any CPU
	EndGlobalSection
EndGlobal
