// !$*UTF8*$!
{
	archiveVersion = 1;
	classes = {
	};
	objectVersion = 56;
	objects = {

/* Begin PBXBuildFile section */
		D77972312BDCAB0100FC13CA /* Zpm.cpp in Sources */ = {isa = PBXBuildFile; fileRef = D77972302BDCAB0100FC13CA /* Zpm.cpp */; };
		D7802EEC2BEBC60200AD60BF /* Interpreter.cpp in Sources */ = {isa = PBXBuildFile; fileRef = D7802EEA2BEBC60200AD60BF /* Interpreter.cpp */; };
		D7802EEE2BEC753300AD60BF /* Lexer.cpp in Sources */ = {isa = PBXBuildFile; fileRef = D7802EED2BEC753300AD60BF /* Lexer.cpp */; };
/* End PBXBuildFile section */

/* Begin PBXCopyFilesBuildPhase section */
		D779722B2BDCAB0100FC13CA /* CopyFiles */ = {
			isa = PBXCopyFilesBuildPhase;
			buildActionMask = 2147483647;
			dstPath = /usr/share/man/man1/;
			dstSubfolderSpec = 0;
			files = (
			);
			runOnlyForDeploymentPostprocessing = 1;
		};
/* End PBXCopyFilesBuildPhase section */

/* Begin PBXFileReference section */
		D779722D2BDCAB0100FC13CA /* Homework6 */ = {isa = PBXFileReference; explicitFileType = "compiled.mach-o.executable"; includeInIndex = 0; path = Homework6; sourceTree = BUILT_PRODUCTS_DIR; };
		D77972302BDCAB0100FC13CA /* Zpm.cpp */ = {isa = PBXFileReference; lastKnownFileType = sourcecode.cpp.cpp; path = Zpm.cpp; sourceTree = "<group>"; };
		D7802EE12BEBC14100AD60BF /* test6.zpm */ = {isa = PBXFileReference; lastKnownFileType = text; path = test6.zpm; sourceTree = "<group>"; };
		D7802EE22BEBC14100AD60BF /* grad.zpm */ = {isa = PBXFileReference; lastKnownFileType = text; path = grad.zpm; sourceTree = "<group>"; };
		D7802EE32BEBC14100AD60BF /* test3.zpm */ = {isa = PBXFileReference; lastKnownFileType = text; path = test3.zpm; sourceTree = "<group>"; };
		D7802EE42BEBC14100AD60BF /* test4.zpm */ = {isa = PBXFileReference; lastKnownFileType = text; path = test4.zpm; sourceTree = "<group>"; };
		D7802EE52BEBC14200AD60BF /* test1.zpm */ = {isa = PBXFileReference; lastKnownFileType = text; path = test1.zpm; sourceTree = "<group>"; };
		D7802EE62BEBC14200AD60BF /* test2.zpm */ = {isa = PBXFileReference; lastKnownFileType = text; path = test2.zpm; sourceTree = "<group>"; };
		D7802EE72BEBC14200AD60BF /* actual_program.zpm */ = {isa = PBXFileReference; lastKnownFileType = text; path = actual_program.zpm; sourceTree = "<group>"; };
		D7802EE82BEBC14200AD60BF /* results.txt */ = {isa = PBXFileReference; lastKnownFileType = text; path = results.txt; sourceTree = "<group>"; };
		D7802EE92BEBC14300AD60BF /* test5.zpm */ = {isa = PBXFileReference; lastKnownFileType = text; path = test5.zpm; sourceTree = "<group>"; };
		D7802EEA2BEBC60200AD60BF /* Interpreter.cpp */ = {isa = PBXFileReference; lastKnownFileType = sourcecode.cpp.cpp; path = Interpreter.cpp; sourceTree = "<group>"; };
		D7802EED2BEC753300AD60BF /* Lexer.cpp */ = {isa = PBXFileReference; lastKnownFileType = sourcecode.cpp.cpp; path = Lexer.cpp; sourceTree = "<group>"; };
		D7802EEF2BEC7ADD00AD60BF /* custom.zpm */ = {isa = PBXFileReference; lastKnownFileType = text; path = custom.zpm; sourceTree = "<group>"; };
/* End PBXFileReference section */

/* Begin PBXFrameworksBuildPhase section */
		D779722A2BDCAB0100FC13CA /* Frameworks */ = {
			isa = PBXFrameworksBuildPhase;
			buildActionMask = 2147483647;
			files = (
			);
			runOnlyForDeploymentPostprocessing = 0;
		};
/* End PBXFrameworksBuildPhase section */

/* Begin PBXGroup section */
		D77972242BDCAB0100FC13CA = {
			isa = PBXGroup;
			children = (
				D779722F2BDCAB0100FC13CA /* Homework6 */,
				D779722E2BDCAB0100FC13CA /* Products */,
			);
			sourceTree = "<group>";
		};
		D779722E2BDCAB0100FC13CA /* Products */ = {
			isa = PBXGroup;
			children = (
				D779722D2BDCAB0100FC13CA /* Homework6 */,
			);
			name = Products;
			sourceTree = "<group>";
		};
		D779722F2BDCAB0100FC13CA /* Homework6 */ = {
			isa = PBXGroup;
			children = (
				D7802EEA2BEBC60200AD60BF /* Interpreter.cpp */,
				D7802EED2BEC753300AD60BF /* Lexer.cpp */,
				D7802EE02BEBC12E00AD60BF /* tests */,
				D77972302BDCAB0100FC13CA /* Zpm.cpp */,
			);
			path = Homework6;
			sourceTree = "<group>";
		};
		D7802EE02BEBC12E00AD60BF /* tests */ = {
			isa = PBXGroup;
			children = (
				D7802EE72BEBC14200AD60BF /* actual_program.zpm */,
				D7802EE22BEBC14100AD60BF /* grad.zpm */,
				D7802EE82BEBC14200AD60BF /* results.txt */,
				D7802EE52BEBC14200AD60BF /* test1.zpm */,
				D7802EEF2BEC7ADD00AD60BF /* custom.zpm */,
				D7802EE62BEBC14200AD60BF /* test2.zpm */,
				D7802EE32BEBC14100AD60BF /* test3.zpm */,
				D7802EE42BEBC14100AD60BF /* test4.zpm */,
				D7802EE92BEBC14300AD60BF /* test5.zpm */,
				D7802EE12BEBC14100AD60BF /* test6.zpm */,
			);
			path = tests;
			sourceTree = "<group>";
		};
/* End PBXGroup section */

/* Begin PBXNativeTarget section */
		D779722C2BDCAB0100FC13CA /* Homework6 */ = {
			isa = PBXNativeTarget;
			buildConfigurationList = D77972342BDCAB0100FC13CA /* Build configuration list for PBXNativeTarget "Homework6" */;
			buildPhases = (
				D77972292BDCAB0100FC13CA /* Sources */,
				D779722A2BDCAB0100FC13CA /* Frameworks */,
				D779722B2BDCAB0100FC13CA /* CopyFiles */,
			);
			buildRules = (
			);
			dependencies = (
			);
			name = Homework6;
			productName = Homework6;
			productReference = D779722D2BDCAB0100FC13CA /* Homework6 */;
			productType = "com.apple.product-type.tool";
		};
/* End PBXNativeTarget section */

/* Begin PBXProject section */
		D77972252BDCAB0100FC13CA /* Project object */ = {
			isa = PBXProject;
			attributes = {
				BuildIndependentTargetsInParallel = 1;
				LastUpgradeCheck = 1530;
				TargetAttributes = {
					D779722C2BDCAB0100FC13CA = {
						CreatedOnToolsVersion = 15.3;
					};
				};
			};
			buildConfigurationList = D77972282BDCAB0100FC13CA /* Build configuration list for PBXProject "Homework6" */;
			compatibilityVersion = "Xcode 14.0";
			developmentRegion = en;
			hasScannedForEncodings = 0;
			knownRegions = (
				en,
				Base,
			);
			mainGroup = D77972242BDCAB0100FC13CA;
			productRefGroup = D779722E2BDCAB0100FC13CA /* Products */;
			projectDirPath = "";
			projectRoot = "";
			targets = (
				D779722C2BDCAB0100FC13CA /* Homework6 */,
			);
		};
/* End PBXProject section */

/* Begin PBXSourcesBuildPhase section */
		D77972292BDCAB0100FC13CA /* Sources */ = {
			isa = PBXSourcesBuildPhase;
			buildActionMask = 2147483647;
			files = (
				D7802EEE2BEC753300AD60BF /* Lexer.cpp in Sources */,
				D7802EEC2BEBC60200AD60BF /* Interpreter.cpp in Sources */,
				D77972312BDCAB0100FC13CA /* Zpm.cpp in Sources */,
			);
			runOnlyForDeploymentPostprocessing = 0;
		};
/* End PBXSourcesBuildPhase section */

/* Begin XCBuildConfiguration section */
		D77972322BDCAB0100FC13CA /* Debug */ = {
			isa = XCBuildConfiguration;
			buildSettings = {
				ALWAYS_SEARCH_USER_PATHS = NO;
				ASSETCATALOG_COMPILER_GENERATE_SWIFT_ASSET_SYMBOL_EXTENSIONS = YES;
				CLANG_ANALYZER_NONNULL = YES;
				CLANG_ANALYZER_NUMBER_OBJECT_CONVERSION = YES_AGGRESSIVE;
				CLANG_CXX_LANGUAGE_STANDARD = "gnu++20";
				CLANG_ENABLE_MODULES = YES;
				CLANG_ENABLE_OBJC_ARC = YES;
				CLANG_ENABLE_OBJC_WEAK = YES;
				CLANG_WARN_BLOCK_CAPTURE_AUTORELEASING = YES;
				CLANG_WARN_BOOL_CONVERSION = YES;
				CLANG_WARN_COMMA = YES;
				CLANG_WARN_CONSTANT_CONVERSION = YES;
				CLANG_WARN_DEPRECATED_OBJC_IMPLEMENTATIONS = YES;
				CLANG_WARN_DIRECT_OBJC_ISA_USAGE = YES_ERROR;
				CLANG_WARN_DOCUMENTATION_COMMENTS = YES;
				CLANG_WARN_EMPTY_BODY = YES;
				CLANG_WARN_ENUM_CONVERSION = YES;
				CLANG_WARN_INFINITE_RECURSION = YES;
				CLANG_WARN_INT_CONVERSION = YES;
				CLANG_WARN_NON_LITERAL_NULL_CONVERSION = YES;
				CLANG_WARN_OBJC_IMPLICIT_RETAIN_SELF = YES;
				CLANG_WARN_OBJC_LITERAL_CONVERSION = YES;
				CLANG_WARN_OBJC_ROOT_CLASS = YES_ERROR;
				CLANG_WARN_QUOTED_INCLUDE_IN_FRAMEWORK_HEADER = YES;
				CLANG_WARN_RANGE_LOOP_ANALYSIS = YES;
				CLANG_WARN_STRICT_PROTOTYPES = YES;
				CLANG_WARN_SUSPICIOUS_MOVE = YES;
				CLANG_WARN_UNGUARDED_AVAILABILITY = YES_AGGRESSIVE;
				CLANG_WARN_UNREACHABLE_CODE = YES;
				CLANG_WARN__DUPLICATE_METHOD_MATCH = YES;
				COPY_PHASE_STRIP = NO;
				DEBUG_INFORMATION_FORMAT = dwarf;
				ENABLE_STRICT_OBJC_MSGSEND = YES;
				ENABLE_TESTABILITY = YES;
				ENABLE_USER_SCRIPT_SANDBOXING = YES;
				GCC_C_LANGUAGE_STANDARD = gnu17;
				GCC_DYNAMIC_NO_PIC = NO;
				GCC_NO_COMMON_BLOCKS = YES;
				GCC_OPTIMIZATION_LEVEL = 0;
				GCC_PREPROCESSOR_DEFINITIONS = (
					"DEBUG=1",
					"$(inherited)",
				);
				GCC_WARN_64_TO_32_BIT_CONVERSION = YES;
				GCC_WARN_ABOUT_RETURN_TYPE = YES_ERROR;
				GCC_WARN_UNDECLARED_SELECTOR = YES;
				GCC_WARN_UNINITIALIZED_AUTOS = YES_AGGRESSIVE;
				GCC_WARN_UNUSED_FUNCTION = YES;
				GCC_WARN_UNUSED_VARIABLE = YES;
				LOCALIZATION_PREFERS_STRING_CATALOGS = YES;
				MACOSX_DEPLOYMENT_TARGET = 14.4;
				MTL_ENABLE_DEBUG_INFO = INCLUDE_SOURCE;
				MTL_FAST_MATH = YES;
				ONLY_ACTIVE_ARCH = YES;
				SDKROOT = macosx;
			};
			name = Debug;
		};
		D77972332BDCAB0100FC13CA /* Release */ = {
			isa = XCBuildConfiguration;
			buildSettings = {
				ALWAYS_SEARCH_USER_PATHS = NO;
				ASSETCATALOG_COMPILER_GENERATE_SWIFT_ASSET_SYMBOL_EXTENSIONS = YES;
				CLANG_ANALYZER_NONNULL = YES;
				CLANG_ANALYZER_NUMBER_OBJECT_CONVERSION = YES_AGGRESSIVE;
				CLANG_CXX_LANGUAGE_STANDARD = "gnu++20";
				CLANG_ENABLE_MODULES = YES;
				CLANG_ENABLE_OBJC_ARC = YES;
				CLANG_ENABLE_OBJC_WEAK = YES;
				CLANG_WARN_BLOCK_CAPTURE_AUTORELEASING = YES;
				CLANG_WARN_BOOL_CONVERSION = YES;
				CLANG_WARN_COMMA = YES;
				CLANG_WARN_CONSTANT_CONVERSION = YES;
				CLANG_WARN_DEPRECATED_OBJC_IMPLEMENTATIONS = YES;
				CLANG_WARN_DIRECT_OBJC_ISA_USAGE = YES_ERROR;
				CLANG_WARN_DOCUMENTATION_COMMENTS = YES;
				CLANG_WARN_EMPTY_BODY = YES;
				CLANG_WARN_ENUM_CONVERSION = YES;
				CLANG_WARN_INFINITE_RECURSION = YES;
				CLANG_WARN_INT_CONVERSION = YES;
				CLANG_WARN_NON_LITERAL_NULL_CONVERSION = YES;
				CLANG_WARN_OBJC_IMPLICIT_RETAIN_SELF = YES;
				CLANG_WARN_OBJC_LITERAL_CONVERSION = YES;
				CLANG_WARN_OBJC_ROOT_CLASS = YES_ERROR;
				CLANG_WARN_QUOTED_INCLUDE_IN_FRAMEWORK_HEADER = YES;
				CLANG_WARN_RANGE_LOOP_ANALYSIS = YES;
				CLANG_WARN_STRICT_PROTOTYPES = YES;
				CLANG_WARN_SUSPICIOUS_MOVE = YES;
				CLANG_WARN_UNGUARDED_AVAILABILITY = YES_AGGRESSIVE;
				CLANG_WARN_UNREACHABLE_CODE = YES;
				CLANG_WARN__DUPLICATE_METHOD_MATCH = YES;
				COPY_PHASE_STRIP = NO;
				DEBUG_INFORMATION_FORMAT = "dwarf-with-dsym";
				ENABLE_NS_ASSERTIONS = NO;
				ENABLE_STRICT_OBJC_MSGSEND = YES;
				ENABLE_USER_SCRIPT_SANDBOXING = YES;
				GCC_C_LANGUAGE_STANDARD = gnu17;
				GCC_NO_COMMON_BLOCKS = YES;
				GCC_WARN_64_TO_32_BIT_CONVERSION = YES;
				GCC_WARN_ABOUT_RETURN_TYPE = YES_ERROR;
				GCC_WARN_UNDECLARED_SELECTOR = YES;
				GCC_WARN_UNINITIALIZED_AUTOS = YES_AGGRESSIVE;
				GCC_WARN_UNUSED_FUNCTION = YES;
				GCC_WARN_UNUSED_VARIABLE = YES;
				LOCALIZATION_PREFERS_STRING_CATALOGS = YES;
				MACOSX_DEPLOYMENT_TARGET = 14.4;
				MTL_ENABLE_DEBUG_INFO = NO;
				MTL_FAST_MATH = YES;
				SDKROOT = macosx;
			};
			name = Release;
		};
		D77972352BDCAB0100FC13CA /* Debug */ = {
			isa = XCBuildConfiguration;
			buildSettings = {
				CODE_SIGN_STYLE = Automatic;
				DEVELOPMENT_TEAM = A6M3VA78J8;
				ENABLE_HARDENED_RUNTIME = YES;
				PRODUCT_NAME = "$(TARGET_NAME)";
			};
			name = Debug;
		};
		D77972362BDCAB0100FC13CA /* Release */ = {
			isa = XCBuildConfiguration;
			buildSettings = {
				CODE_SIGN_STYLE = Automatic;
				DEVELOPMENT_TEAM = A6M3VA78J8;
				ENABLE_HARDENED_RUNTIME = YES;
				PRODUCT_NAME = "$(TARGET_NAME)";
			};
			name = Release;
		};
/* End XCBuildConfiguration section */

/* Begin XCConfigurationList section */
		D77972282BDCAB0100FC13CA /* Build configuration list for PBXProject "Homework6" */ = {
			isa = XCConfigurationList;
			buildConfigurations = (
				D77972322BDCAB0100FC13CA /* Debug */,
				D77972332BDCAB0100FC13CA /* Release */,
			);
			defaultConfigurationIsVisible = 0;
			defaultConfigurationName = Release;
		};
		D77972342BDCAB0100FC13CA /* Build configuration list for PBXNativeTarget "Homework6" */ = {
			isa = XCConfigurationList;
			buildConfigurations = (
				D77972352BDCAB0100FC13CA /* Debug */,
				D77972362BDCAB0100FC13CA /* Release */,
			);
			defaultConfigurationIsVisible = 0;
			defaultConfigurationName = Release;
		};
/* End XCConfigurationList section */
	};
	rootObject = D77972252BDCAB0100FC13CA /* Project object */;
}
